// !$*UTF8*$!
{
	archiveVersion = 1;
	classes = {
	};
	objectVersion = 46;
	objects = {

/* Begin PBXBuildFile section */
		B11313B91CAD042200F883A0 /* QiuBaiPostTableView.m in Sources */ = {isa = PBXBuildFile; fileRef = B11313B81CAD042200F883A0 /* QiuBaiPostTableView.m */; };
		B11313BC1CAD07EF00F883A0 /* QiuBaiPostTableViewCell.m in Sources */ = {isa = PBXBuildFile; fileRef = B11313BB1CAD07EF00F883A0 /* QiuBaiPostTableViewCell.m */; };
		B11313BE1CAD080800F883A0 /* QiuBaiPostTableViewCell.xib in Resources */ = {isa = PBXBuildFile; fileRef = B11313BD1CAD080800F883A0 /* QiuBaiPostTableViewCell.xib */; };
		B1217AD41CC11FED0036DF18 /* AnonymousSwitch.m in Sources */ = {isa = PBXBuildFile; fileRef = B1217AD31CC11FED0036DF18 /* AnonymousSwitch.m */; };
		B13F43331CC11AE000836C6B /* camera.png in Resources */ = {isa = PBXBuildFile; fileRef = B13F43301CC11AE000836C6B /* camera.png */; };
		B13F43341CC11AE000836C6B /* gallery.png in Resources */ = {isa = PBXBuildFile; fileRef = B13F43311CC11AE000836C6B /* gallery.png */; };
		B13F43351CC11AE000836C6B /* video.png in Resources */ = {isa = PBXBuildFile; fileRef = B13F43321CC11AE000836C6B /* video.png */; };
		B15EDFFF1CB8A02F0080299F /* QiuBaiTablikeSwitch.m in Sources */ = {isa = PBXBuildFile; fileRef = B15EDFFE1CB8A02F0080299F /* QiuBaiTablikeSwitch.m */; };
		B16379061CB74C9C00070A39 /* QiuBaiDataObject.m in Sources */ = {isa = PBXBuildFile; fileRef = B16379051CB74C9C00070A39 /* QiuBaiDataObject.m */; };
		B16379101CB7640A00070A39 /* QiuBaiCommentTableViewCell.m in Sources */ = {isa = PBXBuildFile; fileRef = B163790E1CB7640A00070A39 /* QiuBaiCommentTableViewCell.m */; };
		B16379111CB7640A00070A39 /* QiuBaiCommentTableViewCell.xib in Resources */ = {isa = PBXBuildFile; fileRef = B163790F1CB7640A00070A39 /* QiuBaiCommentTableViewCell.xib */; };
		B1647BF61CB65A470035B66D /* angry_color.png in Resources */ = {isa = PBXBuildFile; fileRef = B1647BF01CB65A470035B66D /* angry_color.png */; };
		B1647BF71CB65A470035B66D /* angry_gray.png in Resources */ = {isa = PBXBuildFile; fileRef = B1647BF11CB65A470035B66D /* angry_gray.png */; };
		B1647BF81CB65A470035B66D /* comment.png in Resources */ = {isa = PBXBuildFile; fileRef = B1647BF21CB65A470035B66D /* comment.png */; };
		B1647BF91CB65A470035B66D /* share.png in Resources */ = {isa = PBXBuildFile; fileRef = B1647BF31CB65A470035B66D /* share.png */; };
		B1647BFA1CB65A470035B66D /* smiley_color.png in Resources */ = {isa = PBXBuildFile; fileRef = B1647BF41CB65A470035B66D /* smiley_color.png */; };
		B1647BFB1CB65A470035B66D /* smiley_gray.png in Resources */ = {isa = PBXBuildFile; fileRef = B1647BF51CB65A470035B66D /* smiley_gray.png */; };
		B1A02F351CC1E81F00592C60 /* anonymous.png in Resources */ = {isa = PBXBuildFile; fileRef = B1A02F341CC1E81F00592C60 /* anonymous.png */; };
		B1A02F391CC297BF00592C60 /* latitude.png in Resources */ = {isa = PBXBuildFile; fileRef = B1A02F381CC297BF00592C60 /* latitude.png */; };
		B1A5D46B1CBFD1CA00326FC5 /* Reveal.framework in Frameworks */ = {isa = PBXBuildFile; fileRef = B1A5D46A1CBFD1CA00326FC5 /* Reveal.framework */; settings = {ATTRIBUTES = (Weak, ); }; };
		B1A5D46D1CBFD31300326FC5 /* libz.tbd in Frameworks */ = {isa = PBXBuildFile; fileRef = B1A5D46C1CBFD31300326FC5 /* libz.tbd */; settings = {ATTRIBUTES = (Weak, ); }; };
		B1A5DBC31CABBCFA00510A86 /* SnappingTabViewController.m in Sources */ = {isa = PBXBuildFile; fileRef = B1A5DBC11CABBCFA00510A86 /* SnappingTabViewController.m */; };
		B1BC2AAC1CC63B9500D2C66E /* QiuBaiNewPostViewController.m in Sources */ = {isa = PBXBuildFile; fileRef = B1BC2AAB1CC63B9500D2C66E /* QiuBaiNewPostViewController.m */; };
		B1BC2AAF1CC658D400D2C66E /* QiuBaiImageSelectionController.m in Sources */ = {isa = PBXBuildFile; fileRef = B1BC2AAE1CC658D400D2C66E /* QiuBaiImageSelectionController.m */; };
		B1BC2AB21CC65E4F00D2C66E /* QiuBaiImageEditorViewController.m in Sources */ = {isa = PBXBuildFile; fileRef = B1BC2AB11CC65E4F00D2C66E /* QiuBaiImageEditorViewController.m */; };
		B1BC2AC01CC6882B00D2C66E /* mosaic.png in Resources */ = {isa = PBXBuildFile; fileRef = B1BC2ABD1CC6882B00D2C66E /* mosaic.png */; };
		B1BC2AC11CC6882B00D2C66E /* qiubai-logo.png in Resources */ = {isa = PBXBuildFile; fileRef = B1BC2ABE1CC6882B00D2C66E /* qiubai-logo.png */; };
		B1BC2AC21CC6882B00D2C66E /* rotate_icon.png in Resources */ = {isa = PBXBuildFile; fileRef = B1BC2ABF1CC6882B00D2C66E /* rotate_icon.png */; };
		B1BC2AC51CC691C900D2C66E /* QiuBaiImageProcessor.m in Sources */ = {isa = PBXBuildFile; fileRef = B1BC2AC41CC691C900D2C66E /* QiuBaiImageProcessor.m */; };
		B1BC2AC81CC692FD00D2C66E /* QiuBaiImageWatermarkProcessor.m in Sources */ = {isa = PBXBuildFile; fileRef = B1BC2AC71CC692FD00D2C66E /* QiuBaiImageWatermarkProcessor.m */; };
		B1BC2ACB1CC6967800D2C66E /* QiuBaiImageRotateProcessor.m in Sources */ = {isa = PBXBuildFile; fileRef = B1BC2ACA1CC6967800D2C66E /* QiuBaiImageRotateProcessor.m */; };
		B1BC2ACE1CC69A6C00D2C66E /* QiuBaiImageMosaicProcessor.m in Sources */ = {isa = PBXBuildFile; fileRef = B1BC2ACD1CC69A6C00D2C66E /* QiuBaiImageMosaicProcessor.m */; };
		B1BC5F6F1CC47B240083724C /* cancel_x.png in Resources */ = {isa = PBXBuildFile; fileRef = B1BC5F6E1CC47B240083724C /* cancel_x.png */; };
		B1EA0B421CB7E0E90083410E /* EditCommentView.m in Sources */ = {isa = PBXBuildFile; fileRef = B1EA0B411CB7E0E90083410E /* EditCommentView.m */; };
		B1EA0B441CB7E10A0083410E /* EditComment.xib in Resources */ = {isa = PBXBuildFile; fileRef = B1EA0B431CB7E10A0083410E /* EditComment.xib */; };
		B1EA0B4B1CB7EE2B0083410E /* ModelStore.m in Sources */ = {isa = PBXBuildFile; fileRef = B1EA0B461CB7EE2B0083410E /* ModelStore.m */; };
		B1EA0B4C1CB7EE2B0083410E /* QiuBaiComment.m in Sources */ = {isa = PBXBuildFile; fileRef = B1EA0B481CB7EE2B0083410E /* QiuBaiComment.m */; };
		B1EA0B4D1CB7EE2B0083410E /* QiuBaiPost.m in Sources */ = {isa = PBXBuildFile; fileRef = B1EA0B4A1CB7EE2B0083410E /* QiuBaiPost.m */; };
		B1EA0B501CB7EEA40083410E /* QiuBaiPostDetailViewController.m in Sources */ = {isa = PBXBuildFile; fileRef = B1EA0B4F1CB7EEA40083410E /* QiuBaiPostDetailViewController.m */; };
		B1F870E61CC0E19A00C555E3 /* CoreLocation.framework in Frameworks */ = {isa = PBXBuildFile; fileRef = B1F870E51CC0E19A00C555E3 /* CoreLocation.framework */; };
		B1F88BC41CAA6F0200093910 /* QiuBaiUser.m in Sources */ = {isa = PBXBuildFile; fileRef = B1F88BC31CAA6F0200093910 /* QiuBaiUser.m */; };
		B1F88BC81CAA78A800093910 /* DataLoader.m in Sources */ = {isa = PBXBuildFile; fileRef = B1F88BC71CAA78A800093910 /* DataLoader.m */; };
		B1F88BCA1CAA807E00093910 /* users.json in Resources */ = {isa = PBXBuildFile; fileRef = B1F88BC91CAA807E00093910 /* users.json */; };
		B1F88BCD1CAAABE800093910 /* posts.json in Resources */ = {isa = PBXBuildFile; fileRef = B1F88BCB1CAAABE800093910 /* posts.json */; };
		B1F88BCE1CAAABE800093910 /* comments.json in Resources */ = {isa = PBXBuildFile; fileRef = B1F88BCC1CAAABE800093910 /* comments.json */; };
		F30D674DEFC71FE35EBA6690 /* QiuEventViewController.m in Sources */ = {isa = PBXBuildFile; fileRef = F30D6E616BD80B8DD96A8747 /* QiuEventViewController.m */; };
		F30D6949FAC5BF583679123E /* main.m in Sources */ = {isa = PBXBuildFile; fileRef = F30D690D5F320F58AB65CF5B /* main.m */; };
		F30D6B2D1147BB43629A0D6E /* QiuBaiAppDelegate.m in Sources */ = {isa = PBXBuildFile; fileRef = F30D68593168D94AE67C17E0 /* QiuBaiAppDelegate.m */; };
		F30D6D88A81BC6DFC5FC2F68 /* QiuCircleViewController.m in Sources */ = {isa = PBXBuildFile; fileRef = F30D62F8908EC0850740F5A0 /* QiuCircleViewController.m */; };
		F30D6EF119BD6FD47F45A47B /* Assets.xcassets in Resources */ = {isa = PBXBuildFile; fileRef = F30D61F22149C8F62A24B842 /* Assets.xcassets */; };
/* End PBXBuildFile section */

/* Begin PBXFileReference section */
		B11313B71CAD042200F883A0 /* QiuBaiPostTableView.h */ = {isa = PBXFileReference; fileEncoding = 4; lastKnownFileType = sourcecode.c.h; name = QiuBaiPostTableView.h; path = customViews/QiuBaiPostTableView.h; sourceTree = "<group>"; };
		B11313B81CAD042200F883A0 /* QiuBaiPostTableView.m */ = {isa = PBXFileReference; fileEncoding = 4; lastKnownFileType = sourcecode.c.objc; name = QiuBaiPostTableView.m; path = customViews/QiuBaiPostTableView.m; sourceTree = "<group>"; };
		B11313BA1CAD07EF00F883A0 /* QiuBaiPostTableViewCell.h */ = {isa = PBXFileReference; fileEncoding = 4; lastKnownFileType = sourcecode.c.h; name = QiuBaiPostTableViewCell.h; path = customViews/QiuBaiPostTableViewCell.h; sourceTree = "<group>"; };
		B11313BB1CAD07EF00F883A0 /* QiuBaiPostTableViewCell.m */ = {isa = PBXFileReference; fileEncoding = 4; lastKnownFileType = sourcecode.c.objc; name = QiuBaiPostTableViewCell.m; path = customViews/QiuBaiPostTableViewCell.m; sourceTree = "<group>"; };
		B11313BD1CAD080800F883A0 /* QiuBaiPostTableViewCell.xib */ = {isa = PBXFileReference; fileEncoding = 4; lastKnownFileType = file.xib; name = QiuBaiPostTableViewCell.xib; path = customViews/QiuBaiPostTableViewCell.xib; sourceTree = "<group>"; };
		B1217AD21CC11FED0036DF18 /* AnonymousSwitch.h */ = {isa = PBXFileReference; fileEncoding = 4; lastKnownFileType = sourcecode.c.h; name = AnonymousSwitch.h; path = customViews/AnonymousSwitch.h; sourceTree = "<group>"; };
		B1217AD31CC11FED0036DF18 /* AnonymousSwitch.m */ = {isa = PBXFileReference; fileEncoding = 4; lastKnownFileType = sourcecode.c.objc; name = AnonymousSwitch.m; path = customViews/AnonymousSwitch.m; sourceTree = "<group>"; };
		B13F43301CC11AE000836C6B /* camera.png */ = {isa = PBXFileReference; lastKnownFileType = image.png; name = camera.png; path = customViews/images/camera.png; sourceTree = "<group>"; };
		B13F43311CC11AE000836C6B /* gallery.png */ = {isa = PBXFileReference; lastKnownFileType = image.png; name = gallery.png; path = customViews/images/gallery.png; sourceTree = "<group>"; };
		B13F43321CC11AE000836C6B /* video.png */ = {isa = PBXFileReference; lastKnownFileType = image.png; name = video.png; path = customViews/images/video.png; sourceTree = "<group>"; };
		B15EDFFD1CB8A02F0080299F /* QiuBaiTablikeSwitch.h */ = {isa = PBXFileReference; fileEncoding = 4; lastKnownFileType = sourcecode.c.h; name = QiuBaiTablikeSwitch.h; path = customViews/QiuBaiTablikeSwitch.h; sourceTree = "<group>"; };
		B15EDFFE1CB8A02F0080299F /* QiuBaiTablikeSwitch.m */ = {isa = PBXFileReference; fileEncoding = 4; lastKnownFileType = sourcecode.c.objc; name = QiuBaiTablikeSwitch.m; path = customViews/QiuBaiTablikeSwitch.m; sourceTree = "<group>"; };
		B16379041CB74C9C00070A39 /* QiuBaiDataObject.h */ = {isa = PBXFileReference; fileEncoding = 4; lastKnownFileType = sourcecode.c.h; name = QiuBaiDataObject.h; path = models/QiuBaiDataObject.h; sourceTree = "<group>"; };
		B16379051CB74C9C00070A39 /* QiuBaiDataObject.m */ = {isa = PBXFileReference; fileEncoding = 4; lastKnownFileType = sourcecode.c.objc; name = QiuBaiDataObject.m; path = models/QiuBaiDataObject.m; sourceTree = "<group>"; };
		B163790D1CB7640A00070A39 /* QiuBaiCommentTableViewCell.h */ = {isa = PBXFileReference; fileEncoding = 4; lastKnownFileType = sourcecode.c.h; name = QiuBaiCommentTableViewCell.h; path = customViews/QiuBaiCommentTableViewCell.h; sourceTree = "<group>"; };
		B163790E1CB7640A00070A39 /* QiuBaiCommentTableViewCell.m */ = {isa = PBXFileReference; fileEncoding = 4; lastKnownFileType = sourcecode.c.objc; name = QiuBaiCommentTableViewCell.m; path = customViews/QiuBaiCommentTableViewCell.m; sourceTree = "<group>"; };
		B163790F1CB7640A00070A39 /* QiuBaiCommentTableViewCell.xib */ = {isa = PBXFileReference; fileEncoding = 4; lastKnownFileType = file.xib; name = QiuBaiCommentTableViewCell.xib; path = customViews/QiuBaiCommentTableViewCell.xib; sourceTree = "<group>"; };
		B1647BF01CB65A470035B66D /* angry_color.png */ = {isa = PBXFileReference; lastKnownFileType = image.png; name = angry_color.png; path = customViews/images/angry_color.png; sourceTree = "<group>"; };
		B1647BF11CB65A470035B66D /* angry_gray.png */ = {isa = PBXFileReference; lastKnownFileType = image.png; name = angry_gray.png; path = customViews/images/angry_gray.png; sourceTree = "<group>"; };
		B1647BF21CB65A470035B66D /* comment.png */ = {isa = PBXFileReference; lastKnownFileType = image.png; name = comment.png; path = customViews/images/comment.png; sourceTree = "<group>"; };
		B1647BF31CB65A470035B66D /* share.png */ = {isa = PBXFileReference; lastKnownFileType = image.png; name = share.png; path = customViews/images/share.png; sourceTree = "<group>"; };
		B1647BF41CB65A470035B66D /* smiley_color.png */ = {isa = PBXFileReference; lastKnownFileType = image.png; name = smiley_color.png; path = customViews/images/smiley_color.png; sourceTree = "<group>"; };
		B1647BF51CB65A470035B66D /* smiley_gray.png */ = {isa = PBXFileReference; lastKnownFileType = image.png; name = smiley_gray.png; path = customViews/images/smiley_gray.png; sourceTree = "<group>"; };
		B1A02F341CC1E81F00592C60 /* anonymous.png */ = {isa = PBXFileReference; lastKnownFileType = image.png; name = anonymous.png; path = customViews/images/anonymous.png; sourceTree = "<group>"; };
		B1A02F381CC297BF00592C60 /* latitude.png */ = {isa = PBXFileReference; lastKnownFileType = image.png; name = latitude.png; path = customViews/images/latitude.png; sourceTree = "<group>"; };
		B1A5D46A1CBFD1CA00326FC5 /* Reveal.framework */ = {isa = PBXFileReference; lastKnownFileType = wrapper.framework; name = Reveal.framework; path = "../../../../opt/homebrew-cask/Caskroom/reveal/1.6.3/Reveal.app/Contents/SharedSupport/iOS-Libraries/Reveal.framework"; sourceTree = "<group>"; };
		B1A5D46C1CBFD31300326FC5 /* libz.tbd */ = {isa = PBXFileReference; lastKnownFileType = "sourcecode.text-based-dylib-definition"; name = libz.tbd; path = usr/lib/libz.tbd; sourceTree = SDKROOT; };
		B1A5DBC01CABBCFA00510A86 /* SnappingTabViewController.h */ = {isa = PBXFileReference; fileEncoding = 4; lastKnownFileType = sourcecode.c.h; name = SnappingTabViewController.h; path = customviewControllers/SnappingTabViewController.h; sourceTree = "<group>"; };
		B1A5DBC11CABBCFA00510A86 /* SnappingTabViewController.m */ = {isa = PBXFileReference; fileEncoding = 4; lastKnownFileType = sourcecode.c.objc; name = SnappingTabViewController.m; path = customviewControllers/SnappingTabViewController.m; sourceTree = "<group>"; };
		B1A5DBC51CABD11D00510A86 /* SnappingTabViewDelegate.h */ = {isa = PBXFileReference; lastKnownFileType = sourcecode.c.h; name = SnappingTabViewDelegate.h; path = customviewControllers/SnappingTabViewDelegate.h; sourceTree = "<group>"; };
		B1BC2AAA1CC63B9500D2C66E /* QiuBaiNewPostViewController.h */ = {isa = PBXFileReference; fileEncoding = 4; lastKnownFileType = sourcecode.c.h; name = QiuBaiNewPostViewController.h; path = customviewControllers/QiuBaiNewPostViewController.h; sourceTree = "<group>"; };
		B1BC2AAB1CC63B9500D2C66E /* QiuBaiNewPostViewController.m */ = {isa = PBXFileReference; fileEncoding = 4; lastKnownFileType = sourcecode.c.objc; name = QiuBaiNewPostViewController.m; path = customviewControllers/QiuBaiNewPostViewController.m; sourceTree = "<group>"; };
		B1BC2AAD1CC658D400D2C66E /* QiuBaiImageSelectionController.h */ = {isa = PBXFileReference; fileEncoding = 4; lastKnownFileType = sourcecode.c.h; name = QiuBaiImageSelectionController.h; path = customviewControllers/QiuBaiImageSelectionController.h; sourceTree = "<group>"; };
		B1BC2AAE1CC658D400D2C66E /* QiuBaiImageSelectionController.m */ = {isa = PBXFileReference; fileEncoding = 4; lastKnownFileType = sourcecode.c.objc; name = QiuBaiImageSelectionController.m; path = customviewControllers/QiuBaiImageSelectionController.m; sourceTree = "<group>"; };
		B1BC2AB01CC65E4F00D2C66E /* QiuBaiImageEditorViewController.h */ = {isa = PBXFileReference; fileEncoding = 4; lastKnownFileType = sourcecode.c.h; name = QiuBaiImageEditorViewController.h; path = customviewControllers/QiuBaiImageEditorViewController.h; sourceTree = "<group>"; };
		B1BC2AB11CC65E4F00D2C66E /* QiuBaiImageEditorViewController.m */ = {isa = PBXFileReference; fileEncoding = 4; lastKnownFileType = sourcecode.c.objc; name = QiuBaiImageEditorViewController.m; path = customviewControllers/QiuBaiImageEditorViewController.m; sourceTree = "<group>"; };
		B1BC2ABD1CC6882B00D2C66E /* mosaic.png */ = {isa = PBXFileReference; lastKnownFileType = image.png; name = mosaic.png; path = customViews/images/mosaic.png; sourceTree = "<group>"; };
		B1BC2ABE1CC6882B00D2C66E /* qiubai-logo.png */ = {isa = PBXFileReference; lastKnownFileType = image.png; name = "qiubai-logo.png"; path = "customViews/images/qiubai-logo.png"; sourceTree = "<group>"; };
		B1BC2ABF1CC6882B00D2C66E /* rotate_icon.png */ = {isa = PBXFileReference; lastKnownFileType = image.png; name = rotate_icon.png; path = customViews/images/rotate_icon.png; sourceTree = "<group>"; };
		B1BC2AC31CC691C900D2C66E /* QiuBaiImageProcessor.h */ = {isa = PBXFileReference; fileEncoding = 4; lastKnownFileType = sourcecode.c.h; name = QiuBaiImageProcessor.h; path = utility/QiuBaiImageProcessor.h; sourceTree = "<group>"; };
		B1BC2AC41CC691C900D2C66E /* QiuBaiImageProcessor.m */ = {isa = PBXFileReference; fileEncoding = 4; lastKnownFileType = sourcecode.c.objc; name = QiuBaiImageProcessor.m; path = utility/QiuBaiImageProcessor.m; sourceTree = "<group>"; };
		B1BC2AC61CC692FD00D2C66E /* QiuBaiImageWatermarkProcessor.h */ = {isa = PBXFileReference; fileEncoding = 4; lastKnownFileType = sourcecode.c.h; name = QiuBaiImageWatermarkProcessor.h; path = utility/QiuBaiImageWatermarkProcessor.h; sourceTree = "<group>"; };
		B1BC2AC71CC692FD00D2C66E /* QiuBaiImageWatermarkProcessor.m */ = {isa = PBXFileReference; fileEncoding = 4; lastKnownFileType = sourcecode.c.objc; name = QiuBaiImageWatermarkProcessor.m; path = utility/QiuBaiImageWatermarkProcessor.m; sourceTree = "<group>"; };
		B1BC2AC91CC6967800D2C66E /* QiuBaiImageRotateProcessor.h */ = {isa = PBXFileReference; fileEncoding = 4; lastKnownFileType = sourcecode.c.h; name = QiuBaiImageRotateProcessor.h; path = utility/QiuBaiImageRotateProcessor.h; sourceTree = "<group>"; };
		B1BC2ACA1CC6967800D2C66E /* QiuBaiImageRotateProcessor.m */ = {isa = PBXFileReference; fileEncoding = 4; lastKnownFileType = sourcecode.c.objc; name = QiuBaiImageRotateProcessor.m; path = utility/QiuBaiImageRotateProcessor.m; sourceTree = "<group>"; };
		B1BC2ACC1CC69A6C00D2C66E /* QiuBaiImageMosaicProcessor.h */ = {isa = PBXFileReference; fileEncoding = 4; lastKnownFileType = sourcecode.c.h; name = QiuBaiImageMosaicProcessor.h; path = utility/QiuBaiImageMosaicProcessor.h; sourceTree = "<group>"; };
		B1BC2ACD1CC69A6C00D2C66E /* QiuBaiImageMosaicProcessor.m */ = {isa = PBXFileReference; fileEncoding = 4; lastKnownFileType = sourcecode.c.objc; name = QiuBaiImageMosaicProcessor.m; path = utility/QiuBaiImageMosaicProcessor.m; sourceTree = "<group>"; };
		B1BC2ACF1CC69CAD00D2C66E /* QiuBaiImageProcessors.h */ = {isa = PBXFileReference; lastKnownFileType = sourcecode.c.h; name = QiuBaiImageProcessors.h; path = utility/QiuBaiImageProcessors.h; sourceTree = "<group>"; };
		B1BC5F6E1CC47B240083724C /* cancel_x.png */ = {isa = PBXFileReference; lastKnownFileType = image.png; name = cancel_x.png; path = customViews/images/cancel_x.png; sourceTree = "<group>"; };
		B1EA0B401CB7E0E90083410E /* EditCommentView.h */ = {isa = PBXFileReference; fileEncoding = 4; lastKnownFileType = sourcecode.c.h; name = EditCommentView.h; path = customViews/EditCommentView.h; sourceTree = "<group>"; };
		B1EA0B411CB7E0E90083410E /* EditCommentView.m */ = {isa = PBXFileReference; fileEncoding = 4; lastKnownFileType = sourcecode.c.objc; name = EditCommentView.m; path = customViews/EditCommentView.m; sourceTree = "<group>"; };
		B1EA0B431CB7E10A0083410E /* EditComment.xib */ = {isa = PBXFileReference; fileEncoding = 4; lastKnownFileType = file.xib; name = EditComment.xib; path = customViews/EditComment.xib; sourceTree = "<group>"; };
		B1EA0B451CB7EE2B0083410E /* ModelStore.h */ = {isa = PBXFileReference; fileEncoding = 4; lastKnownFileType = sourcecode.c.h; name = ModelStore.h; path = models/ModelStore.h; sourceTree = "<group>"; };
		B1EA0B461CB7EE2B0083410E /* ModelStore.m */ = {isa = PBXFileReference; fileEncoding = 4; lastKnownFileType = sourcecode.c.objc; name = ModelStore.m; path = models/ModelStore.m; sourceTree = "<group>"; };
		B1EA0B471CB7EE2B0083410E /* QiuBaiComment.h */ = {isa = PBXFileReference; fileEncoding = 4; lastKnownFileType = sourcecode.c.h; name = QiuBaiComment.h; path = models/QiuBaiComment.h; sourceTree = "<group>"; };
		B1EA0B481CB7EE2B0083410E /* QiuBaiComment.m */ = {isa = PBXFileReference; fileEncoding = 4; lastKnownFileType = sourcecode.c.objc; name = QiuBaiComment.m; path = models/QiuBaiComment.m; sourceTree = "<group>"; };
		B1EA0B491CB7EE2B0083410E /* QiuBaiPost.h */ = {isa = PBXFileReference; fileEncoding = 4; lastKnownFileType = sourcecode.c.h; name = QiuBaiPost.h; path = models/QiuBaiPost.h; sourceTree = "<group>"; };
		B1EA0B4A1CB7EE2B0083410E /* QiuBaiPost.m */ = {isa = PBXFileReference; fileEncoding = 4; lastKnownFileType = sourcecode.c.objc; name = QiuBaiPost.m; path = models/QiuBaiPost.m; sourceTree = "<group>"; };
		B1EA0B4E1CB7EEA40083410E /* QiuBaiPostDetailViewController.h */ = {isa = PBXFileReference; fileEncoding = 4; lastKnownFileType = sourcecode.c.h; name = QiuBaiPostDetailViewController.h; path = customviewControllers/QiuBaiPostDetailViewController.h; sourceTree = "<group>"; };
		B1EA0B4F1CB7EEA40083410E /* QiuBaiPostDetailViewController.m */ = {isa = PBXFileReference; fileEncoding = 4; lastKnownFileType = sourcecode.c.objc; name = QiuBaiPostDetailViewController.m; path = customviewControllers/QiuBaiPostDetailViewController.m; sourceTree = "<group>"; };
		B1F870E51CC0E19A00C555E3 /* CoreLocation.framework */ = {isa = PBXFileReference; lastKnownFileType = wrapper.framework; name = CoreLocation.framework; path = System/Library/Frameworks/CoreLocation.framework; sourceTree = SDKROOT; };
		B1F88BC21CAA6F0200093910 /* QiuBaiUser.h */ = {isa = PBXFileReference; fileEncoding = 4; lastKnownFileType = sourcecode.c.h; name = QiuBaiUser.h; path = models/QiuBaiUser.h; sourceTree = "<group>"; };
		B1F88BC31CAA6F0200093910 /* QiuBaiUser.m */ = {isa = PBXFileReference; fileEncoding = 4; lastKnownFileType = sourcecode.c.objc; name = QiuBaiUser.m; path = models/QiuBaiUser.m; sourceTree = "<group>"; };
		B1F88BC61CAA78A800093910 /* DataLoader.h */ = {isa = PBXFileReference; fileEncoding = 4; lastKnownFileType = sourcecode.c.h; name = DataLoader.h; path = models/backend/DataLoader.h; sourceTree = "<group>"; };
		B1F88BC71CAA78A800093910 /* DataLoader.m */ = {isa = PBXFileReference; fileEncoding = 4; lastKnownFileType = sourcecode.c.objc; name = DataLoader.m; path = models/backend/DataLoader.m; sourceTree = "<group>"; };
		B1F88BC91CAA807E00093910 /* users.json */ = {isa = PBXFileReference; lastKnownFileType = text.json; name = users.json; path = QiuBai/models/backend/users.json; sourceTree = "<group>"; };
		B1F88BCB1CAAABE800093910 /* posts.json */ = {isa = PBXFileReference; lastKnownFileType = text.json; name = posts.json; path = QiuBai/models/backend/posts.json; sourceTree = "<group>"; };
		B1F88BCC1CAAABE800093910 /* comments.json */ = {isa = PBXFileReference; lastKnownFileType = text.json; name = comments.json; path = QiuBai/models/backend/comments.json; sourceTree = "<group>"; };
		F30D61F22149C8F62A24B842 /* Assets.xcassets */ = {isa = PBXFileReference; lastKnownFileType = folder.assetcatalog; path = Assets.xcassets; sourceTree = "<group>"; };
		F30D62F8908EC0850740F5A0 /* QiuCircleViewController.m */ = {isa = PBXFileReference; lastKnownFileType = sourcecode.c.objc; path = QiuCircleViewController.m; sourceTree = "<group>"; };
		F30D6539E59F26D8F9A31EA9 /* QiuEventViewController.h */ = {isa = PBXFileReference; lastKnownFileType = sourcecode.c.h; path = QiuEventViewController.h; sourceTree = "<group>"; };
		F30D68593168D94AE67C17E0 /* QiuBaiAppDelegate.m */ = {isa = PBXFileReference; lastKnownFileType = sourcecode.c.objc; path = QiuBaiAppDelegate.m; sourceTree = "<group>"; };
		F30D68A9D976174289B81DC8 /* QiuBaiAppDelegate.h */ = {isa = PBXFileReference; lastKnownFileType = sourcecode.c.h; path = QiuBaiAppDelegate.h; sourceTree = "<group>"; };
		F30D690D5F320F58AB65CF5B /* main.m */ = {isa = PBXFileReference; lastKnownFileType = sourcecode.c.objc; path = main.m; sourceTree = "<group>"; };
		F30D695EAB881877C286354D /* QiuCircleViewController.h */ = {isa = PBXFileReference; lastKnownFileType = sourcecode.c.h; path = QiuCircleViewController.h; sourceTree = "<group>"; };
		F30D6B652F06976E813BE656 /* Info.plist */ = {isa = PBXFileReference; lastKnownFileType = text.plist.info; path = Info.plist; sourceTree = "<group>"; };
		F30D6DC859FA0491E27BEA90 /* QiuBai.app */ = {isa = PBXFileReference; explicitFileType = wrapper.application; includeInIndex = 0; path = QiuBai.app; sourceTree = BUILT_PRODUCTS_DIR; };
		F30D6E21DAAF22F3C22AB32C /* SnappingTabViewDataSource.h */ = {isa = PBXFileReference; fileEncoding = 4; lastKnownFileType = sourcecode.c.h; name = SnappingTabViewDataSource.h; path = customviewControllers/SnappingTabViewDataSource.h; sourceTree = "<group>"; };
		F30D6E616BD80B8DD96A8747 /* QiuEventViewController.m */ = {isa = PBXFileReference; lastKnownFileType = sourcecode.c.objc; path = QiuEventViewController.m; sourceTree = "<group>"; };
/* End PBXFileReference section */

/* Begin PBXFrameworksBuildPhase section */
		F30D63772AEEB5261B3F7039 /* Frameworks */ = {
			isa = PBXFrameworksBuildPhase;
			buildActionMask = 2147483647;
			files = (
				B1F870E61CC0E19A00C555E3 /* CoreLocation.framework in Frameworks */,
				B1A5D46D1CBFD31300326FC5 /* libz.tbd in Frameworks */,
				B1A5D46B1CBFD1CA00326FC5 /* Reveal.framework in Frameworks */,
			);
			runOnlyForDeploymentPostprocessing = 0;
		};
/* End PBXFrameworksBuildPhase section */

/* Begin PBXGroup section */
		B11313B31CAD03CD00F883A0 /* customViews */ = {
			isa = PBXGroup;
			children = (
				B1EA0B431CB7E10A0083410E /* EditComment.xib */,
				B11313B71CAD042200F883A0 /* QiuBaiPostTableView.h */,
				B11313B81CAD042200F883A0 /* QiuBaiPostTableView.m */,
				B11313BA1CAD07EF00F883A0 /* QiuBaiPostTableViewCell.h */,
				B11313BB1CAD07EF00F883A0 /* QiuBaiPostTableViewCell.m */,
				B11313BD1CAD080800F883A0 /* QiuBaiPostTableViewCell.xib */,
				B163790D1CB7640A00070A39 /* QiuBaiCommentTableViewCell.h */,
				B163790E1CB7640A00070A39 /* QiuBaiCommentTableViewCell.m */,
				B163790F1CB7640A00070A39 /* QiuBaiCommentTableViewCell.xib */,
				B1EA0B401CB7E0E90083410E /* EditCommentView.h */,
				B1EA0B411CB7E0E90083410E /* EditCommentView.m */,
				B15EDFFD1CB8A02F0080299F /* QiuBaiTablikeSwitch.h */,
				B15EDFFE1CB8A02F0080299F /* QiuBaiTablikeSwitch.m */,
				B1217AD21CC11FED0036DF18 /* AnonymousSwitch.h */,
				B1217AD31CC11FED0036DF18 /* AnonymousSwitch.m */,
				B178029E1CB5F6B700DA4E1F /* images */,
			);
			name = customViews;
			sourceTree = "<group>";
		};
		B178029E1CB5F6B700DA4E1F /* images */ = {
			isa = PBXGroup;
			children = (
				B1A02F341CC1E81F00592C60 /* anonymous.png */,
				B13F43301CC11AE000836C6B /* camera.png */,
				B13F43311CC11AE000836C6B /* gallery.png */,
				B13F43321CC11AE000836C6B /* video.png */,
				B1647BF01CB65A470035B66D /* angry_color.png */,
				B1647BF11CB65A470035B66D /* angry_gray.png */,
				B1647BF21CB65A470035B66D /* comment.png */,
				B1BC2ABD1CC6882B00D2C66E /* mosaic.png */,
				B1BC2ABE1CC6882B00D2C66E /* qiubai-logo.png */,
				B1BC2ABF1CC6882B00D2C66E /* rotate_icon.png */,
				B1647BF31CB65A470035B66D /* share.png */,
				B1647BF41CB65A470035B66D /* smiley_color.png */,
				B1BC5F6E1CC47B240083724C /* cancel_x.png */,
				B1647BF51CB65A470035B66D /* smiley_gray.png */,
				B1A02F381CC297BF00592C60 /* latitude.png */,
			);
			name = images;
			sourceTree = "<group>";
		};
		B1A5DBBF1CABBCBE00510A86 /* customViewControllers */ = {
			isa = PBXGroup;
			children = (
				B1BC2AB01CC65E4F00D2C66E /* QiuBaiImageEditorViewController.h */,
				B1BC2AB11CC65E4F00D2C66E /* QiuBaiImageEditorViewController.m */,
				B1BC2AAD1CC658D400D2C66E /* QiuBaiImageSelectionController.h */,
				B1BC2AAE1CC658D400D2C66E /* QiuBaiImageSelectionController.m */,
				B1BC2AAA1CC63B9500D2C66E /* QiuBaiNewPostViewController.h */,
				B1BC2AAB1CC63B9500D2C66E /* QiuBaiNewPostViewController.m */,
				B1EA0B4E1CB7EEA40083410E /* QiuBaiPostDetailViewController.h */,
				B1EA0B4F1CB7EEA40083410E /* QiuBaiPostDetailViewController.m */,
				B1A5DBC01CABBCFA00510A86 /* SnappingTabViewController.h */,
				B1A5DBC11CABBCFA00510A86 /* SnappingTabViewController.m */,
				B1A5DBC51CABD11D00510A86 /* SnappingTabViewDelegate.h */,
				F30D6E21DAAF22F3C22AB32C /* SnappingTabViewDataSource.h */,
			);
			name = customViewControllers;
			sourceTree = "<group>";
		};
		B1BC2AB31CC6781500D2C66E /* utility */ = {
			isa = PBXGroup;
			children = (
				B1BC2AC31CC691C900D2C66E /* QiuBaiImageProcessor.h */,
				B1BC2AC41CC691C900D2C66E /* QiuBaiImageProcessor.m */,
				B1BC2AC61CC692FD00D2C66E /* QiuBaiImageWatermarkProcessor.h */,
				B1BC2AC71CC692FD00D2C66E /* QiuBaiImageWatermarkProcessor.m */,
				B1BC2AC91CC6967800D2C66E /* QiuBaiImageRotateProcessor.h */,
				B1BC2ACA1CC6967800D2C66E /* QiuBaiImageRotateProcessor.m */,
				B1BC2ACC1CC69A6C00D2C66E /* QiuBaiImageMosaicProcessor.h */,
				B1BC2ACD1CC69A6C00D2C66E /* QiuBaiImageMosaicProcessor.m */,
				B1BC2ACF1CC69CAD00D2C66E /* QiuBaiImageProcessors.h */,
			);
			name = utility;
			sourceTree = "<group>";
		};
		B1F88BC11CAA6EDC00093910 /* models */ = {
			isa = PBXGroup;
			children = (
				B1F88BC51CAA789200093910 /* backend */,
				B16379041CB74C9C00070A39 /* QiuBaiDataObject.h */,
				B16379051CB74C9C00070A39 /* QiuBaiDataObject.m */,
				B1F88BC21CAA6F0200093910 /* QiuBaiUser.h */,
				B1F88BC31CAA6F0200093910 /* QiuBaiUser.m */,
				B1EA0B451CB7EE2B0083410E /* ModelStore.h */,
				B1EA0B461CB7EE2B0083410E /* ModelStore.m */,
				B1EA0B471CB7EE2B0083410E /* QiuBaiComment.h */,
				B1EA0B481CB7EE2B0083410E /* QiuBaiComment.m */,
				B1EA0B491CB7EE2B0083410E /* QiuBaiPost.h */,
				B1EA0B4A1CB7EE2B0083410E /* QiuBaiPost.m */,
			);
			name = models;
			sourceTree = "<group>";
		};
		B1F88BC51CAA789200093910 /* backend */ = {
			isa = PBXGroup;
			children = (
				B1F88BC61CAA78A800093910 /* DataLoader.h */,
				B1F88BC71CAA78A800093910 /* DataLoader.m */,
			);
			name = backend;
			sourceTree = "<group>";
		};
		F30D623DDD28213147A8C60A /* Products */ = {
			isa = PBXGroup;
			children = (
				F30D6DC859FA0491E27BEA90 /* QiuBai.app */,
			);
			name = Products;
			sourceTree = "<group>";
		};
		F30D636680C1C682FA696603 = {
			isa = PBXGroup;
			children = (
				B1F870E51CC0E19A00C555E3 /* CoreLocation.framework */,
				B1A5D46C1CBFD31300326FC5 /* libz.tbd */,
				B1A5D46A1CBFD1CA00326FC5 /* Reveal.framework */,
				B1F88BCB1CAAABE800093910 /* posts.json */,
				B1F88BCC1CAAABE800093910 /* comments.json */,
				B1F88BC91CAA807E00093910 /* users.json */,
				F30D623DDD28213147A8C60A /* Products */,
				F30D6F211E72B0CC4D25184A /* QiuBai */,
			);
			sourceTree = "<group>";
		};
		F30D69A8DB6E39322256ED67 /* Supporting Files */ = {
			isa = PBXGroup;
			children = (
				F30D6B652F06976E813BE656 /* Info.plist */,
				F30D690D5F320F58AB65CF5B /* main.m */,
			);
			name = "Supporting Files";
			sourceTree = "<group>";
		};
		F30D6F211E72B0CC4D25184A /* QiuBai */ = {
			isa = PBXGroup;
			children = (
				B1BC2AB31CC6781500D2C66E /* utility */,
				B11313B31CAD03CD00F883A0 /* customViews */,
				B1A5DBBF1CABBCBE00510A86 /* customViewControllers */,
				B1F88BC11CAA6EDC00093910 /* models */,
				F30D61F22149C8F62A24B842 /* Assets.xcassets */,
				F30D69A8DB6E39322256ED67 /* Supporting Files */,
				F30D68A9D976174289B81DC8 /* QiuBaiAppDelegate.h */,
				F30D68593168D94AE67C17E0 /* QiuBaiAppDelegate.m */,
				F30D6539E59F26D8F9A31EA9 /* QiuEventViewController.h */,
				F30D6E616BD80B8DD96A8747 /* QiuEventViewController.m */,
				F30D695EAB881877C286354D /* QiuCircleViewController.h */,
				F30D62F8908EC0850740F5A0 /* QiuCircleViewController.m */,
			);
			path = QiuBai;
			sourceTree = "<group>";
		};
/* End PBXGroup section */

/* Begin PBXNativeTarget section */
		F30D66E7AC912BECB4D5AF3C /* QiuBai */ = {
			isa = PBXNativeTarget;
			buildConfigurationList = F30D6316B5A4017DC482B00F /* Build configuration list for PBXNativeTarget "QiuBai" */;
			buildPhases = (
				F30D6A8F509A319B3B2EC3BE /* Sources */,
				F30D63772AEEB5261B3F7039 /* Frameworks */,
				F30D69789F778AB8343A7943 /* Resources */,
			);
			buildRules = (
			);
			dependencies = (
			);
			name = QiuBai;
			productName = QiuBai;
			productReference = F30D6DC859FA0491E27BEA90 /* QiuBai.app */;
			productType = "com.apple.product-type.application";
		};
/* End PBXNativeTarget section */

/* Begin PBXProject section */
		F30D69A42B2A21901903B478 /* Project object */ = {
			isa = PBXProject;
			attributes = {
				LastUpgradeCheck = 0730;
				ORGANIZATIONNAME = "pi-lot.org";
			};
			buildConfigurationList = F30D6467F51852E6EF45A164 /* Build configuration list for PBXProject "QiuBai" */;
			compatibilityVersion = "Xcode 3.2";
			developmentRegion = English;
			hasScannedForEncodings = 0;
			knownRegions = (
				en,
			);
			mainGroup = F30D636680C1C682FA696603;
			productRefGroup = F30D623DDD28213147A8C60A /* Products */;
			projectDirPath = "";
			projectRoot = "";
			targets = (
				F30D66E7AC912BECB4D5AF3C /* QiuBai */,
			);
		};
/* End PBXProject section */

/* Begin PBXResourcesBuildPhase section */
		F30D69789F778AB8343A7943 /* Resources */ = {
			isa = PBXResourcesBuildPhase;
			buildActionMask = 2147483647;
			files = (
				B16379111CB7640A00070A39 /* QiuBaiCommentTableViewCell.xib in Resources */,
				B1F88BCD1CAAABE800093910 /* posts.json in Resources */,
				B1EA0B441CB7E10A0083410E /* EditComment.xib in Resources */,
				B1BC5F6F1CC47B240083724C /* cancel_x.png in Resources */,
				B13F43351CC11AE000836C6B /* video.png in Resources */,
				B1BC2AC01CC6882B00D2C66E /* mosaic.png in Resources */,
				B1BC2AC21CC6882B00D2C66E /* rotate_icon.png in Resources */,
				B1647BF91CB65A470035B66D /* share.png in Resources */,
				B1A02F351CC1E81F00592C60 /* anonymous.png in Resources */,
				B1647BF81CB65A470035B66D /* comment.png in Resources */,
				B1647BFB1CB65A470035B66D /* smiley_gray.png in Resources */,
				B1BC2AC11CC6882B00D2C66E /* qiubai-logo.png in Resources */,
				B1647BFA1CB65A470035B66D /* smiley_color.png in Resources */,
				B1F88BCE1CAAABE800093910 /* comments.json in Resources */,
				B13F43331CC11AE000836C6B /* camera.png in Resources */,
				B1647BF71CB65A470035B66D /* angry_gray.png in Resources */,
				B1F88BCA1CAA807E00093910 /* users.json in Resources */,
				B11313BE1CAD080800F883A0 /* QiuBaiPostTableViewCell.xib in Resources */,
				B13F43341CC11AE000836C6B /* gallery.png in Resources */,
				B1A02F391CC297BF00592C60 /* latitude.png in Resources */,
				B1647BF61CB65A470035B66D /* angry_color.png in Resources */,
				F30D6EF119BD6FD47F45A47B /* Assets.xcassets in Resources */,
			);
			runOnlyForDeploymentPostprocessing = 0;
		};
/* End PBXResourcesBuildPhase section */

/* Begin PBXSourcesBuildPhase section */
		F30D6A8F509A319B3B2EC3BE /* Sources */ = {
			isa = PBXSourcesBuildPhase;
			buildActionMask = 2147483647;
			files = (
				B1EA0B421CB7E0E90083410E /* EditCommentView.m in Sources */,
				B1EA0B4B1CB7EE2B0083410E /* ModelStore.m in Sources */,
				B1BC2AAC1CC63B9500D2C66E /* QiuBaiNewPostViewController.m in Sources */,
				F30D6949FAC5BF583679123E /* main.m in Sources */,
				F30D6B2D1147BB43629A0D6E /* QiuBaiAppDelegate.m in Sources */,
				B11313B91CAD042200F883A0 /* QiuBaiPostTableView.m in Sources */,
				B1EA0B4C1CB7EE2B0083410E /* QiuBaiComment.m in Sources */,
				B1F88BC81CAA78A800093910 /* DataLoader.m in Sources */,
				B1EA0B4D1CB7EE2B0083410E /* QiuBaiPost.m in Sources */,
				B15EDFFF1CB8A02F0080299F /* QiuBaiTablikeSwitch.m in Sources */,
				B11313BC1CAD07EF00F883A0 /* QiuBaiPostTableViewCell.m in Sources */,
				B1BC2AAF1CC658D400D2C66E /* QiuBaiImageSelectionController.m in Sources */,
				B1BC2ACB1CC6967800D2C66E /* QiuBaiImageRotateProcessor.m in Sources */,
				F30D674DEFC71FE35EBA6690 /* QiuEventViewController.m in Sources */,
				B1BC2AC81CC692FD00D2C66E /* QiuBaiImageWatermarkProcessor.m in Sources */,
				B1BC2AC51CC691C900D2C66E /* QiuBaiImageProcessor.m in Sources */,
				B1F88BC41CAA6F0200093910 /* QiuBaiUser.m in Sources */,
				B1217AD41CC11FED0036DF18 /* AnonymousSwitch.m in Sources */,
				F30D6D88A81BC6DFC5FC2F68 /* QiuCircleViewController.m in Sources */,
				B1EA0B501CB7EEA40083410E /* QiuBaiPostDetailViewController.m in Sources */,
				B1BC2ACE1CC69A6C00D2C66E /* QiuBaiImageMosaicProcessor.m in Sources */,
				B16379101CB7640A00070A39 /* QiuBaiCommentTableViewCell.m in Sources */,
				B1A5DBC31CABBCFA00510A86 /* SnappingTabViewController.m in Sources */,
				B16379061CB74C9C00070A39 /* QiuBaiDataObject.m in Sources */,
				B1BC2AB21CC65E4F00D2C66E /* QiuBaiImageEditorViewController.m in Sources */,
			);
			runOnlyForDeploymentPostprocessing = 0;
		};
/* End PBXSourcesBuildPhase section */

/* Begin XCBuildConfiguration section */
		F30D636E3717540D4CAD2EEC /* Debug */ = {
			isa = XCBuildConfiguration;
			buildSettings = {
				ALWAYS_SEARCH_USER_PATHS = NO;
				CLANG_ANALYZER_NONNULL = YES;
				CLANG_CXX_LANGUAGE_STANDARD = "gnu++0x";
				CLANG_CXX_LIBRARY = "libc++";
				CLANG_ENABLE_MODULES = YES;
				CLANG_ENABLE_OBJC_ARC = YES;
				CLANG_WARN_BOOL_CONVERSION = YES;
				CLANG_WARN_CONSTANT_CONVERSION = YES;
				CLANG_WARN_DIRECT_OBJC_ISA_USAGE = YES_ERROR;
				CLANG_WARN_EMPTY_BODY = YES;
				CLANG_WARN_ENUM_CONVERSION = YES;
				CLANG_WARN_INT_CONVERSION = YES;
				CLANG_WARN_OBJC_ROOT_CLASS = YES_ERROR;
				CLANG_WARN_UNREACHABLE_CODE = YES;
				CLANG_WARN__DUPLICATE_METHOD_MATCH = YES;
				"CODE_SIGN_IDENTITY[sdk=iphoneos*]" = "iPhone Developer";
				COPY_PHASE_STRIP = NO;
				DEBUG_INFORMATION_FORMAT = dwarf;
				ENABLE_STRICT_OBJC_MSGSEND = YES;
				ENABLE_TESTABILITY = YES;
				GCC_C_LANGUAGE_STANDARD = gnu99;
				GCC_DYNAMIC_NO_PIC = NO;
				GCC_NO_COMMON_BLOCKS = YES;
				GCC_OPTIMIZATION_LEVEL = 0;
				GCC_PREPROCESSOR_DEFINITIONS = (
					"DEBUG=1",
					"$(inherited)",
				);
				GCC_WARN_64_TO_32_BIT_CONVERSION = YES;
				GCC_WARN_ABOUT_RETURN_TYPE = YES_ERROR;
				GCC_WARN_UNDECLARED_SELECTOR = YES;
				GCC_WARN_UNINITIALIZED_AUTOS = YES_AGGRESSIVE;
				GCC_WARN_UNUSED_FUNCTION = YES;
				GCC_WARN_UNUSED_VARIABLE = YES;
				IPHONEOS_DEPLOYMENT_TARGET = 9.3;
				MTL_ENABLE_DEBUG_INFO = YES;
				ONLY_ACTIVE_ARCH = YES;
				SDKROOT = iphoneos;
				TARGETED_DEVICE_FAMILY = "1,2";
			};
			name = Debug;
		};
		F30D63CDCFA8FB448CB90FDD /* Debug */ = {
			isa = XCBuildConfiguration;
			buildSettings = {
				ASSETCATALOG_COMPILER_APPICON_NAME = AppIcon;
				CODE_SIGN_IDENTITY = "iPhone Developer";
				FRAMEWORK_SEARCH_PATHS = (
					"$(inherited)",
					"/opt/homebrew-cask/Caskroom/reveal/1.6.3/Reveal.app/Contents/SharedSupport/iOS-Libraries",
				);
				INFOPLIST_FILE = QiuBai/Info.plist;
				IPHONEOS_DEPLOYMENT_TARGET = 9.3;
				LD_RUNPATH_SEARCH_PATHS = "$(inherited) @executable_path/Frameworks";
				OTHER_LDFLAGS = "-ObjC";
				PRODUCT_BUNDLE_IDENTIFIER = premium.QiuBai;
				PRODUCT_NAME = "$(TARGET_NAME)";
			};
			name = Debug;
		};
		F30D65675CF403558AB19082 /* Release */ = {
			isa = XCBuildConfiguration;
			buildSettings = {
				ASSETCATALOG_COMPILER_APPICON_NAME = AppIcon;
				CODE_SIGN_IDENTITY = "iPhone Developer";
				FRAMEWORK_SEARCH_PATHS = (
					"$(inherited)",
					"/opt/homebrew-cask/Caskroom/reveal/1.6.3/Reveal.app/Contents/SharedSupport/iOS-Libraries",
				);
				INFOPLIST_FILE = QiuBai/Info.plist;
				IPHONEOS_DEPLOYMENT_TARGET = 9.3;
				LD_RUNPATH_SEARCH_PATHS = "$(inherited) @executable_path/Frameworks";
				OTHER_LDFLAGS = "-ObjC";
				PRODUCT_BUNDLE_IDENTIFIER = premium.QiuBai;
				PRODUCT_NAME = "$(TARGET_NAME)";
			};
			name = Release;
		};
		F30D6A296DE4F7D4F5F94FEF /* Release */ = {
			isa = XCBuildConfiguration;
			buildSettings = {
				ALWAYS_SEARCH_USER_PATHS = NO;
				CLANG_ANALYZER_NONNULL = YES;
				CLANG_CXX_LANGUAGE_STANDARD = "gnu++0x";
				CLANG_CXX_LIBRARY = "libc++";
				CLANG_ENABLE_MODULES = YES;
				CLANG_ENABLE_OBJC_ARC = YES;
				CLANG_WARN_BOOL_CONVERSION = YES;
				CLANG_WARN_CONSTANT_CONVERSION = YES;
				CLANG_WARN_DIRECT_OBJC_ISA_USAGE = YES_ERROR;
				CLANG_WARN_EMPTY_BODY = YES;
				CLANG_WARN_ENUM_CONVERSION = YES;
				CLANG_WARN_INT_CONVERSION = YES;
				CLANG_WARN_OBJC_ROOT_CLASS = YES_ERROR;
				CLANG_WARN_UNREACHABLE_CODE = YES;
				CLANG_WARN__DUPLICATE_METHOD_MATCH = YES;
				"CODE_SIGN_IDENTITY[sdk=iphoneos*]" = "iPhone Developer";
				COPY_PHASE_STRIP = NO;
				DEBUG_INFORMATION_FORMAT = "dwarf-with-dsym";
				ENABLE_NS_ASSERTIONS = NO;
				ENABLE_STRICT_OBJC_MSGSEND = YES;
				GCC_C_LANGUAGE_STANDARD = gnu99;
				GCC_NO_COMMON_BLOCKS = YES;
				GCC_WARN_64_TO_32_BIT_CONVERSION = YES;
				GCC_WARN_ABOUT_RETURN_TYPE = YES_ERROR;
				GCC_WARN_UNDECLARED_SELECTOR = YES;
				GCC_WARN_UNINITIALIZED_AUTOS = YES_AGGRESSIVE;
				GCC_WARN_UNUSED_FUNCTION = YES;
				GCC_WARN_UNUSED_VARIABLE = YES;
				IPHONEOS_DEPLOYMENT_TARGET = 9.3;
				MTL_ENABLE_DEBUG_INFO = NO;
				SDKROOT = iphoneos;
				TARGETED_DEVICE_FAMILY = "1,2";
				VALIDATE_PRODUCT = YES;
			};
			name = Release;
		};
/* End XCBuildConfiguration section */

/* Begin XCConfigurationList section */
		F30D6316B5A4017DC482B00F /* Build configuration list for PBXNativeTarget "QiuBai" */ = {
			isa = XCConfigurationList;
			buildConfigurations = (
				F30D63CDCFA8FB448CB90FDD /* Debug */,
				F30D65675CF403558AB19082 /* Release */,
			);
			defaultConfigurationIsVisible = 0;
			defaultConfigurationName = Release;
		};
		F30D6467F51852E6EF45A164 /* Build configuration list for PBXProject "QiuBai" */ = {
			isa = XCConfigurationList;
			buildConfigurations = (
				F30D636E3717540D4CAD2EEC /* Debug */,
				F30D6A296DE4F7D4F5F94FEF /* Release */,
			);
			defaultConfigurationIsVisible = 0;
			defaultConfigurationName = Release;
		};
/* End XCConfigurationList section */
	};
	rootObject = F30D69A42B2A21901903B478 /* Project object */;
}
